// !$*UTF8*$!
{
	archiveVersion = 1;
	classes = {
	};
	objectVersion = 46;
	objects = {

/* Begin PBXBuildFile section */
		250F3A1B1721E93100A35BC9 /* main.cpp in Sources */ = {isa = PBXBuildFile; fileRef = 250F3A1A1721E93100A35BC9 /* main.cpp */; };
		250F3A1D1721E93100A35BC9 /* wimpute.1 in CopyFiles */ = {isa = PBXBuildFile; fileRef = 250F3A1C1721E93100A35BC9 /* wimpute.1 */; };
/* End PBXBuildFile section */

/* Begin PBXCopyFilesBuildPhase section */
		250F3A151721E93100A35BC9 /* CopyFiles */ = {
			isa = PBXCopyFilesBuildPhase;
			buildActionMask = 2147483647;
			dstPath = /usr/share/man/man1/;
			dstSubfolderSpec = 0;
			files = (
				250F3A1D1721E93100A35BC9 /* wimpute.1 in CopyFiles */,
			);
			runOnlyForDeploymentPostprocessing = 1;
		};
/* End PBXCopyFilesBuildPhase section */

/* Begin PBXFileReference section */
		250F3A171721E93100A35BC9 /* wimpute */ = {isa = PBXFileReference; explicitFileType = "compiled.mach-o.executable"; includeInIndex = 0; path = wimpute; sourceTree = BUILT_PRODUCTS_DIR; };
		250F3A1A1721E93100A35BC9 /* main.cpp */ = {isa = PBXFileReference; lastKnownFileType = sourcecode.cpp.cpp; path = main.cpp; sourceTree = "<group>"; };
		250F3A1C1721E93100A35BC9 /* wimpute.1 */ = {isa = PBXFileReference; lastKnownFileType = text.man; path = wimpute.1; sourceTree = "<group>"; };
/* End PBXFileReference section */

/* Begin PBXFrameworksBuildPhase section */
		250F3A141721E93100A35BC9 /* Frameworks */ = {
			isa = PBXFrameworksBuildPhase;
			buildActionMask = 2147483647;
			files = (
			);
			runOnlyForDeploymentPostprocessing = 0;
		};
/* End PBXFrameworksBuildPhase section */

/* Begin PBXGroup section */
		250F3A0E1721E93100A35BC9 = {
			isa = PBXGroup;
			children = (
				250F3A191721E93100A35BC9 /* wimpute */,
				250F3A181721E93100A35BC9 /* Products */,
			);
			sourceTree = "<group>";
		};
		250F3A181721E93100A35BC9 /* Products */ = {
			isa = PBXGroup;
			children = (
				250F3A171721E93100A35BC9 /* wimpute */,
			);
			name = Products;
			sourceTree = "<group>";
		};
		250F3A191721E93100A35BC9 /* wimpute */ = {
			isa = PBXGroup;
			children = (
				250F3A1A1721E93100A35BC9 /* main.cpp */,
				250F3A1C1721E93100A35BC9 /* wimpute.1 */,
			);
			path = wimpute;
			sourceTree = "<group>";
		};
/* End PBXGroup section */

/* Begin PBXNativeTarget section */
		250F3A161721E93100A35BC9 /* wimpute */ = {
			isa = PBXNativeTarget;
			buildConfigurationList = 250F3A201721E93100A35BC9 /* Build configuration list for PBXNativeTarget "wimpute" */;
			buildPhases = (
				250F3A131721E93100A35BC9 /* Sources */,
				250F3A141721E93100A35BC9 /* Frameworks */,
				250F3A151721E93100A35BC9 /* CopyFiles */,
			);
			buildRules = (
			);
			dependencies = (
			);
			name = wimpute;
			productName = wimpute;
			productReference = 250F3A171721E93100A35BC9 /* wimpute */;
			productType = "com.apple.product-type.tool";
		};
/* End PBXNativeTarget section */

/* Begin PBXProject section */
		250F3A0F1721E93100A35BC9 /* Project object */ = {
			isa = PBXProject;
			attributes = {
				LastUpgradeCheck = 0460;
				ORGANIZATIONNAME = "warren kretzschmar";
			};
			buildConfigurationList = 250F3A121721E93100A35BC9 /* Build configuration list for PBXProject "wimpute" */;
			compatibilityVersion = "Xcode 3.2";
			developmentRegion = English;
			hasScannedForEncodings = 0;
			knownRegions = (
				en,
			);
			mainGroup = 250F3A0E1721E93100A35BC9;
			productRefGroup = 250F3A181721E93100A35BC9 /* Products */;
			projectDirPath = "";
			projectRoot = "";
			targets = (
				250F3A161721E93100A35BC9 /* wimpute */,
			);
		};
/* End PBXProject section */

/* Begin PBXSourcesBuildPhase section */
		250F3A131721E93100A35BC9 /* Sources */ = {
			isa = PBXSourcesBuildPhase;
			buildActionMask = 2147483647;
			files = (
				250F3A1B1721E93100A35BC9 /* main.cpp in Sources */,
			);
			runOnlyForDeploymentPostprocessing = 0;
		};
/* End PBXSourcesBuildPhase section */

/* Begin XCBuildConfiguration section */
		250F3A1E1721E93100A35BC9 /* Debug */ = {
			isa = XCBuildConfiguration;
			buildSettings = {
				ALWAYS_SEARCH_USER_PATHS = NO;
				ARCHS = "$(ARCHS_STANDARD_64_BIT)";
				CLANG_CXX_LANGUAGE_STANDARD = "gnu++0x";
				CLANG_CXX_LIBRARY = "libc++";
				CLANG_WARN_CONSTANT_CONVERSION = YES;
				CLANG_WARN_EMPTY_BODY = YES;
				CLANG_WARN_ENUM_CONVERSION = YES;
				CLANG_WARN_INT_CONVERSION = YES;
				CLANG_WARN__DUPLICATE_METHOD_MATCH = YES;
				COPY_PHASE_STRIP = NO;
				GCC_C_LANGUAGE_STANDARD = gnu99;
				GCC_DYNAMIC_NO_PIC = NO;
				GCC_ENABLE_OBJC_EXCEPTIONS = YES;
				GCC_OPTIMIZATION_LEVEL = 0;
				GCC_PREPROCESSOR_DEFINITIONS = (
					"DEBUG=1",
					"$(inherited)",
				);
				GCC_SYMBOLS_PRIVATE_EXTERN = NO;
				GCC_WARN_64_TO_32_BIT_CONVERSION = YES;
				GCC_WARN_ABOUT_RETURN_TYPE = YES;
				GCC_WARN_UNINITIALIZED_AUTOS = YES;
				GCC_WARN_UNUSED_VARIABLE = YES;
				MACOSX_DEPLOYMENT_TARGET = 10.7;
				ONLY_ACTIVE_ARCH = YES;
				SDKROOT = macosx;
			};
			name = Debug;
		};
		250F3A1F1721E93100A35BC9 /* Release */ = {
			isa = XCBuildConfiguration;
			buildSettings = {
				ALWAYS_SEARCH_USER_PATHS = NO;
				ARCHS = "$(ARCHS_STANDARD_64_BIT)";
				CLANG_CXX_LANGUAGE_STANDARD = "gnu++0x";
				CLANG_CXX_LIBRARY = "libc++";
				CLANG_WARN_CONSTANT_CONVERSION = YES;
				CLANG_WARN_EMPTY_BODY = YES;
				CLANG_WARN_ENUM_CONVERSION = YES;
				CLANG_WARN_INT_CONVERSION = YES;
				CLANG_WARN__DUPLICATE_METHOD_MATCH = YES;
				COPY_PHASE_STRIP = YES;
				DEBUG_INFORMATION_FORMAT = "dwarf-with-dsym";
				GCC_C_LANGUAGE_STANDARD = gnu99;
				GCC_ENABLE_OBJC_EXCEPTIONS = YES;
				GCC_WARN_64_TO_32_BIT_CONVERSION = YES;
				GCC_WARN_ABOUT_RETURN_TYPE = YES;
				GCC_WARN_UNINITIALIZED_AUTOS = YES;
				GCC_WARN_UNUSED_VARIABLE = YES;
				MACOSX_DEPLOYMENT_TARGET = 10.7;
				SDKROOT = macosx;
			};
			name = Release;
		};
		250F3A211721E93100A35BC9 /* Debug */ = {
			isa = XCBuildConfiguration;
			buildSettings = {
				PRODUCT_NAME = "$(TARGET_NAME)";
			};
			name = Debug;
		};
		250F3A221721E93100A35BC9 /* Release */ = {
			isa = XCBuildConfiguration;
			buildSettings = {
				PRODUCT_NAME = "$(TARGET_NAME)";
			};
			name = Release;
		};
/* End XCBuildConfiguration section */

/* Begin XCConfigurationList section */
		250F3A121721E93100A35BC9 /* Build configuration list for PBXProject "wimpute" */ = {
			isa = XCConfigurationList;
			buildConfigurations = (
				250F3A1E1721E93100A35BC9 /* Debug */,
				250F3A1F1721E93100A35BC9 /* Release */,
			);
			defaultConfigurationIsVisible = 0;
			defaultConfigurationName = Release;
		};
		250F3A201721E93100A35BC9 /* Build configuration list for PBXNativeTarget "wimpute" */ = {
			isa = XCConfigurationList;
			buildConfigurations = (
				250F3A211721E93100A35BC9 /* Debug */,
				250F3A221721E93100A35BC9 /* Release */,
			);
			defaultConfigurationIsVisible = 0;
		};
/* End XCConfigurationList section */
	};
	rootObject = 250F3A0F1721E93100A35BC9 /* Project object */;
}
